{
  "requires": true,
  "lockfileVersion": 1,
  "dependencies": {
    "@ckeditor/ckeditor5-core": {
      "version": "11.0.1",
      "resolved": "https://registry.npmjs.org/@ckeditor/ckeditor5-core/-/ckeditor5-core-11.0.1.tgz",
      "integrity": "sha512-s1bmCsuzYDvomI9HX9qx7+6yRvYoRMzxcjycE4h8Fic+KpRHGDSQeCW4Bdq88ALW2rE4RMIaRLhggvmvHz8+tQ==",
      "requires": {
        "@ckeditor/ckeditor5-engine": "^11.0.0",
        "@ckeditor/ckeditor5-utils": "^11.0.0",
        "lodash-es": "^4.17.10"
      }
    },
    "@ckeditor/ckeditor5-engine": {
      "version": "11.0.0",
      "resolved": "https://registry.npmjs.org/@ckeditor/ckeditor5-engine/-/ckeditor5-engine-11.0.0.tgz",
      "integrity": "sha512-yH8mLUlrEqAVoFizFLJ0EA1w16d1d5D2Mh0drUkbOOg2iPEJotUjahoVWDy7YsqSuF3DXYJLVoGjBabdSHvPQg==",
      "requires": {
        "@ckeditor/ckeditor5-utils": "^11.0.0",
        "lodash-es": "^4.17.10"
      }
    },
    "@ckeditor/ckeditor5-font": {
      "version": "10.0.3",
      "resolved": "https://registry.npmjs.org/@ckeditor/ckeditor5-font/-/ckeditor5-font-10.0.3.tgz",
      "integrity": "sha512-eZGRwu4XMLLEybyddEVQGeg5E+U5kQeSO4k6UkO3WWKRpgZGdgt00qbZO6acl4bxVLb9JSeqm/YFe8oWPyG3UQ==",
      "requires": {
        "@ckeditor/ckeditor5-core": "^11.0.1",
        "@ckeditor/ckeditor5-engine": "^11.0.0",
        "@ckeditor/ckeditor5-ui": "^11.1.0",
        "@ckeditor/ckeditor5-utils": "^11.0.0"
      }
    },
    "@ckeditor/ckeditor5-theme-lark": {
      "version": "11.1.0",
      "resolved": "https://registry.npmjs.org/@ckeditor/ckeditor5-theme-lark/-/ckeditor5-theme-lark-11.1.0.tgz",
      "integrity": "sha512-QEG8TYdo3cu4fPIK0+IiPsH3H1V0Nr4+GAirRf/Sd/ZWLLurehUmIbWVCsbj6Xw5oQSu8pmEcXX2f0/eTd5nwQ==",
      "requires": {
        "@ckeditor/ckeditor5-ui": "^11.1.0"
      }
    },
    "@ckeditor/ckeditor5-ui": {
      "version": "11.1.0",
      "resolved": "https://registry.npmjs.org/@ckeditor/ckeditor5-ui/-/ckeditor5-ui-11.1.0.tgz",
      "integrity": "sha512-1IlLCuGOZTk+uVCz/hGpSAvnreOYijf/Q8o30CryS8HGTrjqFLN/Dkt209l6MgOYCL83dnAx8G0Ue3MhbimK5w==",
      "requires": {
        "@ckeditor/ckeditor5-core": "^11.0.1",
        "@ckeditor/ckeditor5-theme-lark": "^11.1.0",
        "@ckeditor/ckeditor5-utils": "^11.0.0",
        "lodash-es": "^4.17.10"
      }
    },
    "@ckeditor/ckeditor5-utils": {
      "version": "11.0.0",
      "resolved": "https://registry.npmjs.org/@ckeditor/ckeditor5-utils/-/ckeditor5-utils-11.0.0.tgz",
      "integrity": "sha512-P/YjiicQfuC1No/PkLtlVoJ79U+mchPiQfLBf/qzcbrEgDVtOUukEXKlqPLxHlIjUXf371HH7wFy2Qh5+d5Gpw==",
      "requires": {
        "ckeditor5": "^11.1.0",
        "lodash-es": "^4.17.10"
      }
    },
    "@webassemblyjs/ast": {
      "version": "1.7.8",
      "resolved": "https://registry.npmjs.org/@webassemblyjs/ast/-/ast-1.7.8.tgz",
      "integrity": "sha512-dOrtdtEyB8sInpl75yLPNksY4sRl0j/+t6aHyB/YA+ab9hV3Fo7FmG12FHzP+2MvWVAJtDb+6eXR5EZbZJ+uVg==",
      "dev": true,
      "requires": {
        "@webassemblyjs/helper-module-context": "1.7.8",
        "@webassemblyjs/helper-wasm-bytecode": "1.7.8",
        "@webassemblyjs/wast-parser": "1.7.8"
      }
    },
    "@webassemblyjs/floating-point-hex-parser": {
      "version": "1.7.8",
      "resolved": "https://registry.npmjs.org/@webassemblyjs/floating-point-hex-parser/-/floating-point-hex-parser-1.7.8.tgz",
      "integrity": "sha512-kn2zNKGsbql5i56VAgRYkpG+VazqHhQQZQycT2uXAazrAEDs23gy+Odkh5VblybjnwX2/BITkDtNmSO76hdIvQ==",
      "dev": true
    },
    "@webassemblyjs/helper-api-error": {
      "version": "1.7.8",
      "resolved": "https://registry.npmjs.org/@webassemblyjs/helper-api-error/-/helper-api-error-1.7.8.tgz",
      "integrity": "sha512-xUwxDXsd1dUKArJEP5wWM5zxgCSwZApSOJyP1XO7M8rNUChUDblcLQ4FpzTpWG2YeylMwMl1MlP5Ztryiz1x4g==",
      "dev": true
    },
    "@webassemblyjs/helper-code-frame": {
      "version": "1.7.8",
      "resolved": "https://registry.npmjs.org/@webassemblyjs/helper-code-frame/-/helper-code-frame-1.7.8.tgz",
      "integrity": "sha512-TLQxyD9qGOIdX5LPQOPo0Ernd88U5rHkFb8WAjeMIeA0sPjCHeVPaGqUGGIXjUcblUkjuDAc07bruCcNHUrHDA==",
      "dev": true,
      "requires": {
        "@webassemblyjs/wast-printer": "1.7.8"
      }
    },
    "@webassemblyjs/helper-fsm": {
      "version": "1.7.8",
      "resolved": "https://registry.npmjs.org/@webassemblyjs/helper-fsm/-/helper-fsm-1.7.8.tgz",
      "integrity": "sha512-TjK0CnD8hAPkV5mbSp5aWl6SO1+H3WFcjWtixWoy8EMA99YnNzYhpc/WSYWhf7yrhpzkq5tZB0tvLK3Svr3IXA==",
      "dev": true
    },
    "@webassemblyjs/helper-module-context": {
      "version": "1.7.8",
      "resolved": "https://registry.npmjs.org/@webassemblyjs/helper-module-context/-/helper-module-context-1.7.8.tgz",
      "integrity": "sha512-uCutAKR7Nm0VsFixcvnB4HhAyHouNbj0Dx1p7eRjFjXGGZ+N7ftTaG1ZbWCasAEbtwGj54LP8+lkBZdTCPmLGg==",
      "dev": true
    },
    "@webassemblyjs/helper-wasm-bytecode": {
      "version": "1.7.8",
      "resolved": "https://registry.npmjs.org/@webassemblyjs/helper-wasm-bytecode/-/helper-wasm-bytecode-1.7.8.tgz",
      "integrity": "sha512-AdCCE3BMW6V34WYaKUmPgVHa88t2Z14P4/0LjLwuGkI0X6pf7nzp0CehzVVk51cKm2ymVXjl9dCG+gR1yhITIQ==",
      "dev": true
    },
    "@webassemblyjs/wast-parser": {
      "version": "1.7.8",
      "resolved": "https://registry.npmjs.org/@webassemblyjs/wast-parser/-/wast-parser-1.7.8.tgz",
      "integrity": "sha512-Q/zrvtUvzWuSiJMcSp90fi6gp2nraiHXjTV2VgAluVdVapM4gy1MQn7akja2p6eSBDQpKJPJ6P4TxRkghRS5dg==",
      "dev": true,
      "requires": {
        "@webassemblyjs/ast": "1.7.8",
        "@webassemblyjs/floating-point-hex-parser": "1.7.8",
        "@webassemblyjs/helper-api-error": "1.7.8",
        "@webassemblyjs/helper-code-frame": "1.7.8",
        "@webassemblyjs/helper-fsm": "1.7.8",
        "@xtuc/long": "4.2.1"
      }
    },
    "@webassemblyjs/wast-printer": {
      "version": "1.7.8",
      "resolved": "https://registry.npmjs.org/@webassemblyjs/wast-printer/-/wast-printer-1.7.8.tgz",
      "integrity": "sha512-GllIthRtwTxRDAURRNXscu7Napzmdf1jt1gpiZiK/QN4fH0lSGs3OTmvdfsMNP7tqI4B3ZtfaaWRlNIQug6Xyg==",
      "dev": true,
      "requires": {
        "@webassemblyjs/ast": "1.7.8",
        "@webassemblyjs/wast-parser": "1.7.8",
        "@xtuc/long": "4.2.1"
      }
    },
    "@xtuc/long": {
      "version": "4.2.1",
      "resolved": "https://registry.npmjs.org/@xtuc/long/-/long-4.2.1.tgz",
      "integrity": "sha512-FZdkNBDqBRHKQ2MEbSC17xnPFOhZxeJ2YGSfr2BKf3sujG49Qe3bB+rGCwQfIaA7WHnGeGkSijX4FuBCdrzW/g==",
      "dev": true
    },
    "ckeditor5": {
      "version": "11.1.1",
      "resolved": "https://registry.npmjs.org/ckeditor5/-/ckeditor5-11.1.1.tgz",
      "integrity": "sha512-xif/R/KaNFkW+EH9+X9J3H7jvz8BOzMWmDxIBO32UoQBfIsKorpG/VvulD+KxkUMEw5wO2XWfZ+8kbf3Aa8MUg=="
    },
    "lodash-es": {
      "version": "4.17.11",
      "resolved": "https://registry.npmjs.org/lodash-es/-/lodash-es-4.17.11.tgz",
      "integrity": "sha512-DHb1ub+rMjjrxqlB3H56/6MXtm1lSksDp2rA2cNWjG8mlDUYFhUj3Di2Zn5IwSU87xLv8tNIQ7sSwE/YOX/D/Q=="
    }
  }
}
